
Microsoft Visual Studio Solution File, Format Version 12.00
# Visual Studio 15
VisualStudioVersion = 15.0.26430.16
MinimumVisualStudioVersion = 10.0.40219.1
Project("{FAE04EC0-301F-11D3-BF4B-00C04F79EFBC}") = "CBMM.APP._360.Android", "CBMM.APP.360\CBMM.APP._360.Android\CBMM.APP._360.Android.csproj", "{7C577905-F3E4-49C6-B6AA-A79EBC91BB71}"
EndProject
Project("{FAE04EC0-301F-11D3-BF4B-00C04F79EFBC}") = "CBMM.APP._360", "CBMM.APP.360\CBMM.APP._360\CBMM.APP._360.csproj", "{25578434-175A-4334-93F1-FBF34829D68F}"
EndProject
Project("{FAE04EC0-301F-11D3-BF4B-00C04F79EFBC}") = "CBMM.APP._360.UWP", "CBMM.APP.360\CBMM.APP._360.UWP\CBMM.APP._360.UWP.csproj", "{97C40C1E-B18E-43F2-82E4-3A5C6C6DEE3F}"
EndProject
Project("{FAE04EC0-301F-11D3-BF4B-00C04F79EFBC}") = "CBMM.APP._360.iOS", "CBMM.APP.360\CBMM.APP._360.iOS\CBMM.APP._360.iOS.csproj", "{E04716D2-8777-4FE3-9324-B61F4C5C1F4E}"
EndProject
Global
	GlobalSection(SolutionConfigurationPlatforms) = preSolution
		Ad-Hoc|Any CPU = Ad-Hoc|Any CPU
		Ad-Hoc|ARM = Ad-Hoc|ARM
		Ad-Hoc|iPhone = Ad-Hoc|iPhone
		Ad-Hoc|iPhoneSimulator = Ad-Hoc|iPhoneSimulator
		Ad-Hoc|x64 = Ad-Hoc|x64
		Ad-Hoc|x86 = Ad-Hoc|x86
		AppStore|Any CPU = AppStore|Any CPU
		AppStore|ARM = AppStore|ARM
		AppStore|iPhone = AppStore|iPhone
		AppStore|iPhoneSimulator = AppStore|iPhoneSimulator
		AppStore|x64 = AppStore|x64
		AppStore|x86 = AppStore|x86
		Debug|Any CPU = Debug|Any CPU
		Debug|ARM = Debug|ARM
		Debug|iPhone = Debug|iPhone
		Debug|iPhoneSimulator = Debug|iPhoneSimulator
		Debug|x64 = Debug|x64
		Debug|x86 = Debug|x86
		Release|Any CPU = Release|Any CPU
		Release|ARM = Release|ARM
		Release|iPhone = Release|iPhone
		Release|iPhoneSimulator = Release|iPhoneSimulator
		Release|x64 = Release|x64
		Release|x86 = Release|x86
	EndGlobalSection
	GlobalSection(ProjectConfigurationPlatforms) = postSolution
		{7C577905-F3E4-49C6-B6AA-A79EBC91BB71}.Ad-Hoc|Any CPU.ActiveCfg = Release|Any CPU
		{7C577905-F3E4-49C6-B6AA-A79EBC91BB71}.Ad-Hoc|Any CPU.Build.0 = Release|Any CPU
		{7C577905-F3E4-49C6-B6AA-A79EBC91BB71}.Ad-Hoc|Any CPU.Deploy.0 = Release|Any CPU
		{7C577905-F3E4-49C6-B6AA-A79EBC91BB71}.Ad-Hoc|ARM.ActiveCfg = Release|Any CPU
		{7C577905-F3E4-49C6-B6AA-A79EBC91BB71}.Ad-Hoc|ARM.Build.0 = Release|Any CPU
		{7C577905-F3E4-49C6-B6AA-A79EBC91BB71}.Ad-Hoc|ARM.Deploy.0 = Release|Any CPU
		{7C577905-F3E4-49C6-B6AA-A79EBC91BB71}.Ad-Hoc|iPhone.ActiveCfg = Release|Any CPU
		{7C577905-F3E4-49C6-B6AA-A79EBC91BB71}.Ad-Hoc|iPhone.Build.0 = Release|Any CPU
		{7C577905-F3E4-49C6-B6AA-A79EBC91BB71}.Ad-Hoc|iPhone.Deploy.0 = Release|Any CPU
		{7C577905-F3E4-49C6-B6AA-A79EBC91BB71}.Ad-Hoc|iPhoneSimulator.ActiveCfg = Release|Any CPU
		{7C577905-F3E4-49C6-B6AA-A79EBC91BB71}.Ad-Hoc|iPhoneSimulator.Build.0 = Release|Any CPU
		{7C577905-F3E4-49C6-B6AA-A79EBC91BB71}.Ad-Hoc|iPhoneSimulator.Deploy.0 = Release|Any CPU
		{7C577905-F3E4-49C6-B6AA-A79EBC91BB71}.Ad-Hoc|x64.ActiveCfg = Release|Any CPU
		{7C577905-F3E4-49C6-B6AA-A79EBC91BB71}.Ad-Hoc|x64.Build.0 = Release|Any CPU
		{7C577905-F3E4-49C6-B6AA-A79EBC91BB71}.Ad-Hoc|x64.Deploy.0 = Release|Any CPU
		{7C577905-F3E4-49C6-B6AA-A79EBC91BB71}.Ad-Hoc|x86.ActiveCfg = Release|Any CPU
		{7C577905-F3E4-49C6-B6AA-A79EBC91BB71}.Ad-Hoc|x86.Build.0 = Release|Any CPU
		{7C577905-F3E4-49C6-B6AA-A79EBC91BB71}.Ad-Hoc|x86.Deploy.0 = Release|Any CPU
		{7C577905-F3E4-49C6-B6AA-A79EBC91BB71}.AppStore|Any CPU.ActiveCfg = Release|Any CPU
		{7C577905-F3E4-49C6-B6AA-A79EBC91BB71}.AppStore|Any CPU.Build.0 = Release|Any CPU
		{7C577905-F3E4-49C6-B6AA-A79EBC91BB71}.AppStore|Any CPU.Deploy.0 = Release|Any CPU
		{7C577905-F3E4-49C6-B6AA-A79EBC91BB71}.AppStore|ARM.ActiveCfg = Release|Any CPU
		{7C577905-F3E4-49C6-B6AA-A79EBC91BB71}.AppStore|ARM.Build.0 = Release|Any CPU
		{7C577905-F3E4-49C6-B6AA-A79EBC91BB71}.AppStore|ARM.Deploy.0 = Release|Any CPU
		{7C577905-F3E4-49C6-B6AA-A79EBC91BB71}.AppStore|iPhone.ActiveCfg = Release|Any CPU
		{7C577905-F3E4-49C6-B6AA-A79EBC91BB71}.AppStore|iPhone.Build.0 = Release|Any CPU
		{7C577905-F3E4-49C6-B6AA-A79EBC91BB71}.AppStore|iPhone.Deploy.0 = Release|Any CPU
		{7C577905-F3E4-49C6-B6AA-A79EBC91BB71}.AppStore|iPhoneSimulator.ActiveCfg = Release|Any CPU
		{7C577905-F3E4-49C6-B6AA-A79EBC91BB71}.AppStore|iPhoneSimulator.Build.0 = Release|Any CPU
		{7C577905-F3E4-49C6-B6AA-A79EBC91BB71}.AppStore|iPhoneSimulator.Deploy.0 = Release|Any CPU
		{7C577905-F3E4-49C6-B6AA-A79EBC91BB71}.AppStore|x64.ActiveCfg = Release|Any CPU
		{7C577905-F3E4-49C6-B6AA-A79EBC91BB71}.AppStore|x64.Build.0 = Release|Any CPU
		{7C577905-F3E4-49C6-B6AA-A79EBC91BB71}.AppStore|x64.Deploy.0 = Release|Any CPU
		{7C577905-F3E4-49C6-B6AA-A79EBC91BB71}.AppStore|x86.ActiveCfg = Release|Any CPU
		{7C577905-F3E4-49C6-B6AA-A79EBC91BB71}.AppStore|x86.Build.0 = Release|Any CPU
		{7C577905-F3E4-49C6-B6AA-A79EBC91BB71}.AppStore|x86.Deploy.0 = Release|Any CPU
		{7C577905-F3E4-49C6-B6AA-A79EBC91BB71}.Debug|Any CPU.ActiveCfg = Debug|Any CPU
		{7C577905-F3E4-49C6-B6AA-A79EBC91BB71}.Debug|Any CPU.Build.0 = Debug|Any CPU
		{7C577905-F3E4-49C6-B6AA-A79EBC91BB71}.Debug|Any CPU.Deploy.0 = Debug|Any CPU
		{7C577905-F3E4-49C6-B6AA-A79EBC91BB71}.Debug|ARM.ActiveCfg = Debug|Any CPU
		{7C577905-F3E4-49C6-B6AA-A79EBC91BB71}.Debug|ARM.Build.0 = Debug|Any CPU
		{7C577905-F3E4-49C6-B6AA-A79EBC91BB71}.Debug|ARM.Deploy.0 = Debug|Any CPU
		{7C577905-F3E4-49C6-B6AA-A79EBC91BB71}.Debug|iPhone.ActiveCfg = Debug|Any CPU
		{7C577905-F3E4-49C6-B6AA-A79EBC91BB71}.Debug|iPhone.Build.0 = Debug|Any CPU
		{7C577905-F3E4-49C6-B6AA-A79EBC91BB71}.Debug|iPhone.Deploy.0 = Debug|Any CPU
		{7C577905-F3E4-49C6-B6AA-A79EBC91BB71}.Debug|iPhoneSimulator.ActiveCfg = Debug|Any CPU
		{7C577905-F3E4-49C6-B6AA-A79EBC91BB71}.Debug|iPhoneSimulator.Build.0 = Debug|Any CPU
		{7C577905-F3E4-49C6-B6AA-A79EBC91BB71}.Debug|iPhoneSimulator.Deploy.0 = Debug|Any CPU
		{7C577905-F3E4-49C6-B6AA-A79EBC91BB71}.Debug|x64.ActiveCfg = Debug|Any CPU
		{7C577905-F3E4-49C6-B6AA-A79EBC91BB71}.Debug|x64.Build.0 = Debug|Any CPU
		{7C577905-F3E4-49C6-B6AA-A79EBC91BB71}.Debug|x64.Deploy.0 = Debug|Any CPU
		{7C577905-F3E4-49C6-B6AA-A79EBC91BB71}.Debug|x86.ActiveCfg = Debug|Any CPU
		{7C577905-F3E4-49C6-B6AA-A79EBC91BB71}.Debug|x86.Build.0 = Debug|Any CPU
		{7C577905-F3E4-49C6-B6AA-A79EBC91BB71}.Debug|x86.Deploy.0 = Debug|Any CPU
		{7C577905-F3E4-49C6-B6AA-A79EBC91BB71}.Release|Any CPU.ActiveCfg = Release|Any CPU
		{7C577905-F3E4-49C6-B6AA-A79EBC91BB71}.Release|Any CPU.Build.0 = Release|Any CPU
		{7C577905-F3E4-49C6-B6AA-A79EBC91BB71}.Release|Any CPU.Deploy.0 = Release|Any CPU
		{7C577905-F3E4-49C6-B6AA-A79EBC91BB71}.Release|ARM.ActiveCfg = Release|Any CPU
		{7C577905-F3E4-49C6-B6AA-A79EBC91BB71}.Release|ARM.Build.0 = Release|Any CPU
		{7C577905-F3E4-49C6-B6AA-A79EBC91BB71}.Release|ARM.Deploy.0 = Release|Any CPU
		{7C577905-F3E4-49C6-B6AA-A79EBC91BB71}.Release|iPhone.ActiveCfg = Release|Any CPU
		{7C577905-F3E4-49C6-B6AA-A79EBC91BB71}.Release|iPhone.Build.0 = Release|Any CPU
		{7C577905-F3E4-49C6-B6AA-A79EBC91BB71}.Release|iPhone.Deploy.0 = Release|Any CPU
		{7C577905-F3E4-49C6-B6AA-A79EBC91BB71}.Release|iPhoneSimulator.ActiveCfg = Release|Any CPU
		{7C577905-F3E4-49C6-B6AA-A79EBC91BB71}.Release|iPhoneSimulator.Build.0 = Release|Any CPU
		{7C577905-F3E4-49C6-B6AA-A79EBC91BB71}.Release|iPhoneSimulator.Deploy.0 = Release|Any CPU
		{7C577905-F3E4-49C6-B6AA-A79EBC91BB71}.Release|x64.ActiveCfg = Release|Any CPU
		{7C577905-F3E4-49C6-B6AA-A79EBC91BB71}.Release|x64.Build.0 = Release|Any CPU
		{7C577905-F3E4-49C6-B6AA-A79EBC91BB71}.Release|x64.Deploy.0 = Release|Any CPU
		{7C577905-F3E4-49C6-B6AA-A79EBC91BB71}.Release|x86.ActiveCfg = Release|Any CPU
		{7C577905-F3E4-49C6-B6AA-A79EBC91BB71}.Release|x86.Build.0 = Release|Any CPU
		{7C577905-F3E4-49C6-B6AA-A79EBC91BB71}.Release|x86.Deploy.0 = Release|Any CPU
		{25578434-175A-4334-93F1-FBF34829D68F}.Ad-Hoc|Any CPU.ActiveCfg = Release|Any CPU
		{25578434-175A-4334-93F1-FBF34829D68F}.Ad-Hoc|Any CPU.Build.0 = Release|Any CPU
		{25578434-175A-4334-93F1-FBF34829D68F}.Ad-Hoc|ARM.ActiveCfg = Release|Any CPU
		{25578434-175A-4334-93F1-FBF34829D68F}.Ad-Hoc|ARM.Build.0 = Release|Any CPU
		{25578434-175A-4334-93F1-FBF34829D68F}.Ad-Hoc|iPhone.ActiveCfg = Release|Any CPU
		{25578434-175A-4334-93F1-FBF34829D68F}.Ad-Hoc|iPhone.Build.0 = Release|Any CPU
		{25578434-175A-4334-93F1-FBF34829D68F}.Ad-Hoc|iPhoneSimulator.ActiveCfg = Release|Any CPU
		{25578434-175A-4334-93F1-FBF34829D68F}.Ad-Hoc|iPhoneSimulator.Build.0 = Release|Any CPU
		{25578434-175A-4334-93F1-FBF34829D68F}.Ad-Hoc|x64.ActiveCfg = Release|Any CPU
		{25578434-175A-4334-93F1-FBF34829D68F}.Ad-Hoc|x64.Build.0 = Release|Any CPU
		{25578434-175A-4334-93F1-FBF34829D68F}.Ad-Hoc|x86.ActiveCfg = Release|Any CPU
		{25578434-175A-4334-93F1-FBF34829D68F}.Ad-Hoc|x86.Build.0 = Release|Any CPU
		{25578434-175A-4334-93F1-FBF34829D68F}.AppStore|Any CPU.ActiveCfg = Release|Any CPU
		{25578434-175A-4334-93F1-FBF34829D68F}.AppStore|Any CPU.Build.0 = Release|Any CPU
		{25578434-175A-4334-93F1-FBF34829D68F}.AppStore|ARM.ActiveCfg = Release|Any CPU
		{25578434-175A-4334-93F1-FBF34829D68F}.AppStore|ARM.Build.0 = Release|Any CPU
		{25578434-175A-4334-93F1-FBF34829D68F}.AppStore|iPhone.ActiveCfg = Release|Any CPU
		{25578434-175A-4334-93F1-FBF34829D68F}.AppStore|iPhone.Build.0 = Release|Any CPU
		{25578434-175A-4334-93F1-FBF34829D68F}.AppStore|iPhoneSimulator.ActiveCfg = Release|Any CPU
		{25578434-175A-4334-93F1-FBF34829D68F}.AppStore|iPhoneSimulator.Build.0 = Release|Any CPU
		{25578434-175A-4334-93F1-FBF34829D68F}.AppStore|x64.ActiveCfg = Release|Any CPU
		{25578434-175A-4334-93F1-FBF34829D68F}.AppStore|x64.Build.0 = Release|Any CPU
		{25578434-175A-4334-93F1-FBF34829D68F}.AppStore|x86.ActiveCfg = Release|Any CPU
		{25578434-175A-4334-93F1-FBF34829D68F}.AppStore|x86.Build.0 = Release|Any CPU
		{25578434-175A-4334-93F1-FBF34829D68F}.Debug|Any CPU.ActiveCfg = Debug|Any CPU
		{25578434-175A-4334-93F1-FBF34829D68F}.Debug|Any CPU.Build.0 = Debug|Any CPU
		{25578434-175A-4334-93F1-FBF34829D68F}.Debug|ARM.ActiveCfg = Debug|Any CPU
		{25578434-175A-4334-93F1-FBF34829D68F}.Debug|ARM.Build.0 = Debug|Any CPU
		{25578434-175A-4334-93F1-FBF34829D68F}.Debug|iPhone.ActiveCfg = Debug|Any CPU
		{25578434-175A-4334-93F1-FBF34829D68F}.Debug|iPhone.Build.0 = Debug|Any CPU
		{25578434-175A-4334-93F1-FBF34829D68F}.Debug|iPhoneSimulator.ActiveCfg = Debug|Any CPU
		{25578434-175A-4334-93F1-FBF34829D68F}.Debug|iPhoneSimulator.Build.0 = Debug|Any CPU
		{25578434-175A-4334-93F1-FBF34829D68F}.Debug|x64.ActiveCfg = Debug|Any CPU
		{25578434-175A-4334-93F1-FBF34829D68F}.Debug|x64.Build.0 = Debug|Any CPU
		{25578434-175A-4334-93F1-FBF34829D68F}.Debug|x86.ActiveCfg = Debug|Any CPU
		{25578434-175A-4334-93F1-FBF34829D68F}.Debug|x86.Build.0 = Debug|Any CPU
		{25578434-175A-4334-93F1-FBF34829D68F}.Release|Any CPU.ActiveCfg = Release|Any CPU
		{25578434-175A-4334-93F1-FBF34829D68F}.Release|Any CPU.Build.0 = Release|Any CPU
		{25578434-175A-4334-93F1-FBF34829D68F}.Release|ARM.ActiveCfg = Release|Any CPU
		{25578434-175A-4334-93F1-FBF34829D68F}.Release|ARM.Build.0 = Release|Any CPU
		{25578434-175A-4334-93F1-FBF34829D68F}.Release|iPhone.ActiveCfg = Release|Any CPU
		{25578434-175A-4334-93F1-FBF34829D68F}.Release|iPhone.Build.0 = Release|Any CPU
		{25578434-175A-4334-93F1-FBF34829D68F}.Release|iPhoneSimulator.ActiveCfg = Release|Any CPU
		{25578434-175A-4334-93F1-FBF34829D68F}.Release|iPhoneSimulator.Build.0 = Release|Any CPU
		{25578434-175A-4334-93F1-FBF34829D68F}.Release|x64.ActiveCfg = Release|Any CPU
		{25578434-175A-4334-93F1-FBF34829D68F}.Release|x64.Build.0 = Release|Any CPU
		{25578434-175A-4334-93F1-FBF34829D68F}.Release|x86.ActiveCfg = Release|Any CPU
		{25578434-175A-4334-93F1-FBF34829D68F}.Release|x86.Build.0 = Release|Any CPU
		{97C40C1E-B18E-43F2-82E4-3A5C6C6DEE3F}.Ad-Hoc|Any CPU.ActiveCfg = Release|x86
		{97C40C1E-B18E-43F2-82E4-3A5C6C6DEE3F}.Ad-Hoc|Any CPU.Build.0 = Release|x86
		{97C40C1E-B18E-43F2-82E4-3A5C6C6DEE3F}.Ad-Hoc|Any CPU.Deploy.0 = Release|x86
		{97C40C1E-B18E-43F2-82E4-3A5C6C6DEE3F}.Ad-Hoc|ARM.ActiveCfg = Release|ARM
		{97C40C1E-B18E-43F2-82E4-3A5C6C6DEE3F}.Ad-Hoc|ARM.Build.0 = Release|ARM
		{97C40C1E-B18E-43F2-82E4-3A5C6C6DEE3F}.Ad-Hoc|ARM.Deploy.0 = Release|ARM
		{97C40C1E-B18E-43F2-82E4-3A5C6C6DEE3F}.Ad-Hoc|iPhone.ActiveCfg = Release|x86
		{97C40C1E-B18E-43F2-82E4-3A5C6C6DEE3F}.Ad-Hoc|iPhone.Build.0 = Release|x86
		{97C40C1E-B18E-43F2-82E4-3A5C6C6DEE3F}.Ad-Hoc|iPhone.Deploy.0 = Release|x86
		{97C40C1E-B18E-43F2-82E4-3A5C6C6DEE3F}.Ad-Hoc|iPhoneSimulator.ActiveCfg = Release|x86
		{97C40C1E-B18E-43F2-82E4-3A5C6C6DEE3F}.Ad-Hoc|iPhoneSimulator.Build.0 = Release|x86
		{97C40C1E-B18E-43F2-82E4-3A5C6C6DEE3F}.Ad-Hoc|iPhoneSimulator.Deploy.0 = Release|x86
		{97C40C1E-B18E-43F2-82E4-3A5C6C6DEE3F}.Ad-Hoc|x64.ActiveCfg = Release|x64
		{97C40C1E-B18E-43F2-82E4-3A5C6C6DEE3F}.Ad-Hoc|x64.Build.0 = Release|x64
		{97C40C1E-B18E-43F2-82E4-3A5C6C6DEE3F}.Ad-Hoc|x64.Deploy.0 = Release|x64
		{97C40C1E-B18E-43F2-82E4-3A5C6C6DEE3F}.Ad-Hoc|x86.ActiveCfg = Release|x86
		{97C40C1E-B18E-43F2-82E4-3A5C6C6DEE3F}.Ad-Hoc|x86.Build.0 = Release|x86
		{97C40C1E-B18E-43F2-82E4-3A5C6C6DEE3F}.Ad-Hoc|x86.Deploy.0 = Release|x86
		{97C40C1E-B18E-43F2-82E4-3A5C6C6DEE3F}.AppStore|Any CPU.ActiveCfg = Release|x86
		{97C40C1E-B18E-43F2-82E4-3A5C6C6DEE3F}.AppStore|Any CPU.Build.0 = Release|x86
		{97C40C1E-B18E-43F2-82E4-3A5C6C6DEE3F}.AppStore|Any CPU.Deploy.0 = Release|x86
		{97C40C1E-B18E-43F2-82E4-3A5C6C6DEE3F}.AppStore|ARM.ActiveCfg = Release|ARM
		{97C40C1E-B18E-43F2-82E4-3A5C6C6DEE3F}.AppStore|ARM.Build.0 = Release|ARM
		{97C40C1E-B18E-43F2-82E4-3A5C6C6DEE3F}.AppStore|ARM.Deploy.0 = Release|ARM
		{97C40C1E-B18E-43F2-82E4-3A5C6C6DEE3F}.AppStore|iPhone.ActiveCfg = Release|x86
		{97C40C1E-B18E-43F2-82E4-3A5C6C6DEE3F}.AppStore|iPhone.Build.0 = Release|x86
		{97C40C1E-B18E-43F2-82E4-3A5C6C6DEE3F}.AppStore|iPhone.Deploy.0 = Release|x86
		{97C40C1E-B18E-43F2-82E4-3A5C6C6DEE3F}.AppStore|iPhoneSimulator.ActiveCfg = Release|x86
		{97C40C1E-B18E-43F2-82E4-3A5C6C6DEE3F}.AppStore|iPhoneSimulator.Build.0 = Release|x86
		{97C40C1E-B18E-43F2-82E4-3A5C6C6DEE3F}.AppStore|iPhoneSimulator.Deploy.0 = Release|x86
		{97C40C1E-B18E-43F2-82E4-3A5C6C6DEE3F}.AppStore|x64.ActiveCfg = Release|x64
		{97C40C1E-B18E-43F2-82E4-3A5C6C6DEE3F}.AppStore|x64.Build.0 = Release|x64
		{97C40C1E-B18E-43F2-82E4-3A5C6C6DEE3F}.AppStore|x64.Deploy.0 = Release|x64
		{97C40C1E-B18E-43F2-82E4-3A5C6C6DEE3F}.AppStore|x86.ActiveCfg = Release|x86
		{97C40C1E-B18E-43F2-82E4-3A5C6C6DEE3F}.AppStore|x86.Build.0 = Release|x86
		{97C40C1E-B18E-43F2-82E4-3A5C6C6DEE3F}.AppStore|x86.Deploy.0 = Release|x86
		{97C40C1E-B18E-43F2-82E4-3A5C6C6DEE3F}.Debug|Any CPU.ActiveCfg = Debug|x86
		{97C40C1E-B18E-43F2-82E4-3A5C6C6DEE3F}.Debug|ARM.ActiveCfg = Debug|ARM
		{97C40C1E-B18E-43F2-82E4-3A5C6C6DEE3F}.Debug|ARM.Build.0 = Debug|ARM
		{97C40C1E-B18E-43F2-82E4-3A5C6C6DEE3F}.Debug|ARM.Deploy.0 = Debug|ARM
		{97C40C1E-B18E-43F2-82E4-3A5C6C6DEE3F}.Debug|iPhone.ActiveCfg = Debug|x86
		{97C40C1E-B18E-43F2-82E4-3A5C6C6DEE3F}.Debug|iPhoneSimulator.ActiveCfg = Debug|x86
		{97C40C1E-B18E-43F2-82E4-3A5C6C6DEE3F}.Debug|x64.ActiveCfg = Debug|x64
		{97C40C1E-B18E-43F2-82E4-3A5C6C6DEE3F}.Debug|x64.Build.0 = Debug|x64
		{97C40C1E-B18E-43F2-82E4-3A5C6C6DEE3F}.Debug|x64.Deploy.0 = Debug|x64
		{97C40C1E-B18E-43F2-82E4-3A5C6C6DEE3F}.Debug|x86.ActiveCfg = Debug|x86
		{97C40C1E-B18E-43F2-82E4-3A5C6C6DEE3F}.Debug|x86.Build.0 = Debug|x86
		{97C40C1E-B18E-43F2-82E4-3A5C6C6DEE3F}.Debug|x86.Deploy.0 = Debug|x86
		{97C40C1E-B18E-43F2-82E4-3A5C6C6DEE3F}.Release|Any CPU.ActiveCfg = Release|x86
		{97C40C1E-B18E-43F2-82E4-3A5C6C6DEE3F}.Release|ARM.ActiveCfg = Release|ARM
		{97C40C1E-B18E-43F2-82E4-3A5C6C6DEE3F}.Release|ARM.Build.0 = Release|ARM
		{97C40C1E-B18E-43F2-82E4-3A5C6C6DEE3F}.Release|ARM.Deploy.0 = Release|ARM
		{97C40C1E-B18E-43F2-82E4-3A5C6C6DEE3F}.Release|iPhone.ActiveCfg = Release|x86
		{97C40C1E-B18E-43F2-82E4-3A5C6C6DEE3F}.Release|iPhoneSimulator.ActiveCfg = Release|x86
		{97C40C1E-B18E-43F2-82E4-3A5C6C6DEE3F}.Release|x64.ActiveCfg = Release|x64
		{97C40C1E-B18E-43F2-82E4-3A5C6C6DEE3F}.Release|x64.Build.0 = Release|x64
		{97C40C1E-B18E-43F2-82E4-3A5C6C6DEE3F}.Release|x64.Deploy.0 = Release|x64
		{97C40C1E-B18E-43F2-82E4-3A5C6C6DEE3F}.Release|x86.ActiveCfg = Release|x86
		{97C40C1E-B18E-43F2-82E4-3A5C6C6DEE3F}.Release|x86.Build.0 = Release|x86
		{97C40C1E-B18E-43F2-82E4-3A5C6C6DEE3F}.Release|x86.Deploy.0 = Release|x86
		{E04716D2-8777-4FE3-9324-B61F4C5C1F4E}.Ad-Hoc|Any CPU.ActiveCfg = Ad-Hoc|iPhone
		{E04716D2-8777-4FE3-9324-B61F4C5C1F4E}.Ad-Hoc|ARM.ActiveCfg = Ad-Hoc|iPhone
		{E04716D2-8777-4FE3-9324-B61F4C5C1F4E}.Ad-Hoc|iPhone.ActiveCfg = Ad-Hoc|iPhone
		{E04716D2-8777-4FE3-9324-B61F4C5C1F4E}.Ad-Hoc|iPhone.Build.0 = Ad-Hoc|iPhone
		{E04716D2-8777-4FE3-9324-B61F4C5C1F4E}.Ad-Hoc|iPhoneSimulator.ActiveCfg = Ad-Hoc|iPhoneSimulator
		{E04716D2-8777-4FE3-9324-B61F4C5C1F4E}.Ad-Hoc|iPhoneSimulator.Build.0 = Ad-Hoc|iPhoneSimulator
		{E04716D2-8777-4FE3-9324-B61F4C5C1F4E}.Ad-Hoc|x64.ActiveCfg = Ad-Hoc|iPhone
		{E04716D2-8777-4FE3-9324-B61F4C5C1F4E}.Ad-Hoc|x86.ActiveCfg = Ad-Hoc|iPhone
		{E04716D2-8777-4FE3-9324-B61F4C5C1F4E}.AppStore|Any CPU.ActiveCfg = AppStore|iPhone
		{E04716D2-8777-4FE3-9324-B61F4C5C1F4E}.AppStore|ARM.ActiveCfg = AppStore|iPhone
		{E04716D2-8777-4FE3-9324-B61F4C5C1F4E}.AppStore|iPhone.ActiveCfg = AppStore|iPhone
		{E04716D2-8777-4FE3-9324-B61F4C5C1F4E}.AppStore|iPhone.Build.0 = AppStore|iPhone
		{E04716D2-8777-4FE3-9324-B61F4C5C1F4E}.AppStore|iPhoneSimulator.ActiveCfg = AppStore|iPhoneSimulator
		{E04716D2-8777-4FE3-9324-B61F4C5C1F4E}.AppStore|iPhoneSimulator.Build.0 = AppStore|iPhoneSimulator
		{E04716D2-8777-4FE3-9324-B61F4C5C1F4E}.AppStore|x64.ActiveCfg = AppStore|iPhone
		{E04716D2-8777-4FE3-9324-B61F4C5C1F4E}.AppStore|x86.ActiveCfg = AppStore|iPhone
		{E04716D2-8777-4FE3-9324-B61F4C5C1F4E}.Debug|Any CPU.ActiveCfg = Debug|iPhone
		{E04716D2-8777-4FE3-9324-B61F4C5C1F4E}.Debug|ARM.ActiveCfg = Debug|iPhone
		{E04716D2-8777-4FE3-9324-B61F4C5C1F4E}.Debug|iPhone.ActiveCfg = Debug|iPhone
		{E04716D2-8777-4FE3-9324-B61F4C5C1F4E}.Debug|iPhone.Build.0 = Debug|iPhone
		{E04716D2-8777-4FE3-9324-B61F4C5C1F4E}.Debug|iPhoneSimulator.ActiveCfg = Debug|iPhoneSimulator
		{E04716D2-8777-4FE3-9324-B61F4C5C1F4E}.Debug|iPhoneSimulator.Build.0 = Debug|iPhoneSimulator
		{E04716D2-8777-4FE3-9324-B61F4C5C1F4E}.Debug|x64.ActiveCfg = Debug|iPhone
		{E04716D2-8777-4FE3-9324-B61F4C5C1F4E}.Debug|x86.ActiveCfg = Debug|iPhone
		{E04716D2-8777-4FE3-9324-B61F4C5C1F4E}.Release|Any CPU.ActiveCfg = Release|iPhone
		{E04716D2-8777-4FE3-9324-B61F4C5C1F4E}.Release|ARM.ActiveCfg = Release|iPhone
		{E04716D2-8777-4FE3-9324-B61F4C5C1F4E}.Release|iPhone.ActiveCfg = Release|iPhone
		{E04716D2-8777-4FE3-9324-B61F4C5C1F4E}.Release|iPhone.Build.0 = Release|iPhone
		{E04716D2-8777-4FE3-9324-B61F4C5C1F4E}.Release|iPhoneSimulator.ActiveCfg = Release|iPhoneSimulator
		{E04716D2-8777-4FE3-9324-B61F4C5C1F4E}.Release|iPhoneSimulator.Build.0 = Release|iPhoneSimulator
		{E04716D2-8777-4FE3-9324-B61F4C5C1F4E}.Release|x64.ActiveCfg = Release|iPhone
		{E04716D2-8777-4FE3-9324-B61F4C5C1F4E}.Release|x86.ActiveCfg = Release|iPhone
	EndGlobalSection
	GlobalSection(SolutionProperties) = preSolution
		HideSolutionNode = FALSE
	EndGlobalSection
EndGlobal
